
Microsoft Visual Studio Solution File, Format Version 12.00
# Visual Studio 15
VisualStudioVersion = 15.0.27130.2027
MinimumVisualStudioVersion = 10.0.40219.1
Project("{FAE04EC0-301F-11D3-BF4B-00C04F79EFBC}") = "RazorTestProject", "RazorTestProject\RazorTestProject.csproj", "{E12ACC89-F00E-4BB8-9796-16BD29B519CC}"
EndProject
Global
	GlobalSection(SolutionConfigurationPlatforms) = preSolution
		Debug|Any CPU = Debug|Any CPU
		Release|Any CPU = Release|Any CPU
	EndGlobalSection
	GlobalSection(ProjectConfigurationPlatforms) = postSolution
		{E12ACC89-F00E-4BB8-9796-16BD29B519CC}.Debug|Any CPU.ActiveCfg = Debug|Any CPU
		{E12ACC89-F00E-4BB8-9796-16BD29B519CC}.Debug|Any CPU.Build.0 = Debug|Any CPU
		{E12ACC89-F00E-4BB8-9796-16BD29B519CC}.Release|Any CPU.ActiveCfg = Release|Any CPU
		{E12ACC89-F00E-4BB8-9796-16BD29B519CC}.Release|Any CPU.Build.0 = Release|Any CPU
	EndGlobalSection
	GlobalSection(SolutionProperties) = preSolution
		HideSolutionNode = FALSE
	EndGlobalSection
	GlobalSection(ExtensibilityGlobals) = postSolution
		SolutionGuid = {D3862852-8AA6-4B14-B376-C916783FF709}
	EndGlobalSection
EndGlobal
