
Microsoft Visual Studio Solution File, Format Version 12.00
# Visual Studio 15
VisualStudioVersion = 15.0.27130.2027
MinimumVisualStudioVersion = 10.0.40219.1
Project("{9A19103F-16F7-4668-BE54-9A1E7A4F7556}") = "WorkWithVS", "WorkWithVS\WorkWithVS.csproj", "{77371AF7-07E0-413A-8917-544DFC47886D}"
EndProject
Project("{2150E333-8FDC-42A3-9474-1A3956D46DE8}") = "test", "test", "{414C098E-8F85-4454-9A52-86B30BCC14FD}"
EndProject
Project("{9A19103F-16F7-4668-BE54-9A1E7A4F7556}") = "WorkWithVS.Tests", "WorkWithVS.Tests\WorkWithVS.Tests.csproj", "{9B108A78-774F-4229-8201-BE119D09B485}"
EndProject
Global
	GlobalSection(SolutionConfigurationPlatforms) = preSolution
		Debug|Any CPU = Debug|Any CPU
		Release|Any CPU = Release|Any CPU
	EndGlobalSection
	GlobalSection(ProjectConfigurationPlatforms) = postSolution
		{77371AF7-07E0-413A-8917-544DFC47886D}.Debug|Any CPU.ActiveCfg = Debug|Any CPU
		{77371AF7-07E0-413A-8917-544DFC47886D}.Debug|Any CPU.Build.0 = Debug|Any CPU
		{77371AF7-07E0-413A-8917-544DFC47886D}.Release|Any CPU.ActiveCfg = Release|Any CPU
		{77371AF7-07E0-413A-8917-544DFC47886D}.Release|Any CPU.Build.0 = Release|Any CPU
		{9B108A78-774F-4229-8201-BE119D09B485}.Debug|Any CPU.ActiveCfg = Debug|Any CPU
		{9B108A78-774F-4229-8201-BE119D09B485}.Debug|Any CPU.Build.0 = Debug|Any CPU
		{9B108A78-774F-4229-8201-BE119D09B485}.Release|Any CPU.ActiveCfg = Release|Any CPU
		{9B108A78-774F-4229-8201-BE119D09B485}.Release|Any CPU.Build.0 = Release|Any CPU
	EndGlobalSection
	GlobalSection(SolutionProperties) = preSolution
		HideSolutionNode = FALSE
	EndGlobalSection
	GlobalSection(NestedProjects) = preSolution
		{9B108A78-774F-4229-8201-BE119D09B485} = {414C098E-8F85-4454-9A52-86B30BCC14FD}
	EndGlobalSection
	GlobalSection(ExtensibilityGlobals) = postSolution
		SolutionGuid = {989F0C9A-51DB-45C1-BD49-B64ED473D272}
	EndGlobalSection
EndGlobal
